
Microsoft Visual Studio Solution File, Format Version 12.00
# Visual Studio 2017
Project("{FAE04EC0-301F-11D3-BF4B-00C04F79EFBC}") = "FramEventProject", "FramEventProject.csproj", "{9616B3AD-9CF6-BD71-E8EA-CB3F00D642BB}"
EndProject
Project("{FAE04EC0-301F-11D3-BF4B-00C04F79EFBC}") = "FramEventProject.Editor", "FramEventProject.Editor.csproj", "{1C09369B-D292-F81D-17B6-2340E13CC1FC}"
EndProject
Global
	GlobalSection(SolutionConfigurationPlatforms) = preSolution
		Debug|Any CPU = Debug|Any CPU
		Release|Any CPU = Release|Any CPU
	EndGlobalSection
	GlobalSection(ProjectConfigurationPlatforms) = postSolution
		{9616B3AD-9CF6-BD71-E8EA-CB3F00D642BB}.Debug|Any CPU.ActiveCfg = Debug|Any CPU
		{9616B3AD-9CF6-BD71-E8EA-CB3F00D642BB}.Debug|Any CPU.Build.0 = Debug|Any CPU
		{9616B3AD-9CF6-BD71-E8EA-CB3F00D642BB}.Release|Any CPU.ActiveCfg = Release|Any CPU
		{9616B3AD-9CF6-BD71-E8EA-CB3F00D642BB}.Release|Any CPU.Build.0 = Release|Any CPU
		{1C09369B-D292-F81D-17B6-2340E13CC1FC}.Debug|Any CPU.ActiveCfg = Debug|Any CPU
		{1C09369B-D292-F81D-17B6-2340E13CC1FC}.Debug|Any CPU.Build.0 = Debug|Any CPU
		{1C09369B-D292-F81D-17B6-2340E13CC1FC}.Release|Any CPU.ActiveCfg = Release|Any CPU
		{1C09369B-D292-F81D-17B6-2340E13CC1FC}.Release|Any CPU.Build.0 = Release|Any CPU
	EndGlobalSection
	GlobalSection(SolutionProperties) = preSolution
		HideSolutionNode = FALSE
	EndGlobalSection
EndGlobal
